
Microsoft Visual Studio Solution File, Format Version 9.00
# Visual Studio 2005
Project("{FAE04EC0-301F-11D3-BF4B-00C04F79EFBC}") = "MaintainingState", "MaintainingState.csproj", "{5C8CAEFD-E96F-497F-B98A-D25456CA0625}"
	ProjectSection(WebsiteProperties) = preProject
		Debug.AspNetCompiler.Debug = "True"
		Release.AspNetCompiler.Debug = "False"
	EndProjectSection
EndProject
Global
	GlobalSection(SolutionConfigurationPlatforms) = preSolution
		Debug|Any CPU = Debug|Any CPU
		Release|Any CPU = Release|Any CPU
	EndGlobalSection
	GlobalSection(ProjectConfigurationPlatforms) = postSolution
		{5C8CAEFD-E96F-497F-B98A-D25456CA0625}.Debug|Any CPU.ActiveCfg = Debug|Any CPU
		{5C8CAEFD-E96F-497F-B98A-D25456CA0625}.Debug|Any CPU.Build.0 = Debug|Any CPU
		{5C8CAEFD-E96F-497F-B98A-D25456CA0625}.Release|Any CPU.ActiveCfg = Release|Any CPU
		{5C8CAEFD-E96F-497F-B98A-D25456CA0625}.Release|Any CPU.Build.0 = Release|Any CPU
	EndGlobalSection
	GlobalSection(SolutionProperties) = preSolution
		HideSolutionNode = FALSE
	EndGlobalSection
EndGlobal
