
Microsoft Visual Studio Solution File, Format Version 9.00
# Visual Studio 2005
Project("{FAE04EC0-301F-11D3-BF4B-00C04F79EFBC}") = "FormValidationExamples", "FormValidationExamples\FormValidationExamples.csproj", "{98B02951-8D1B-48FB-BE94-642A61A19189}"
	ProjectSection(WebsiteProperties) = preProject
		Debug.AspNetCompiler.Debug = "True"
		Release.AspNetCompiler.Debug = "False"
		VWDPort = "50171"
	EndProjectSection
EndProject
Global
	GlobalSection(SolutionConfigurationPlatforms) = preSolution
		Debug|Any CPU = Debug|Any CPU
		Release|Any CPU = Release|Any CPU
	EndGlobalSection
	GlobalSection(ProjectConfigurationPlatforms) = postSolution
		{98B02951-8D1B-48FB-BE94-642A61A19189}.Debug|Any CPU.ActiveCfg = Debug|Any CPU
		{98B02951-8D1B-48FB-BE94-642A61A19189}.Debug|Any CPU.Build.0 = Debug|Any CPU
		{98B02951-8D1B-48FB-BE94-642A61A19189}.Release|Any CPU.ActiveCfg = Release|Any CPU
		{98B02951-8D1B-48FB-BE94-642A61A19189}.Release|Any CPU.Build.0 = Release|Any CPU
	EndGlobalSection
	GlobalSection(SolutionProperties) = preSolution
		HideSolutionNode = FALSE
	EndGlobalSection
EndGlobal
